# This file was autogenerated by Stack.
# You should not edit this file by hand.
# For more information, please see the documentation at:
#   https://docs.haskellstack.org/en/stable/lock_files

packages:
- completed:
    hackage: aeson-gadt-th-0.2.5.1@sha256:ac963318ffb23a3805f5eb6b60995ed51348a5af9b574dbfee5005f997946ca0,1958
    pantry-tree:
      size: 445
      sha256: a06ac01f8075bb1a5d0facb07473a7af3a497e1a7c2ff730cbabb8e103b3f54c
  original:
    hackage: aeson-gadt-th-0.2.5.1@sha256:ac963318ffb23a3805f5eb6b60995ed51348a5af9b574dbfee5005f997946ca0,1958
- completed:
    hackage: aeson-1.5.6.0@sha256:5003bb6fd260d2e2d5a51dee2bf5c8e8f29e4e0e0288fef805c22dcc80ecab06,6788
    pantry-tree:
      size: 37981
      sha256: 1f61b87807bfb4362a978a492e2f17be9e3ebfe32f983ee49863ddde970b32ce
  original:
    hackage: aeson-1.5.6.0@sha256:5003bb6fd260d2e2d5a51dee2bf5c8e8f29e4e0e0288fef805c22dcc80ecab06,6788
snapshots:
- completed:
    size: 618507
    url: https://raw.githubusercontent.com/commercialhaskell/stackage-snapshots/master/lts/19/9.yaml
    sha256: 190a93d09d9d7bccc78a0f00d6fc0350eed76bc533611e5971202800805dd00e
  original:
    url: https://raw.githubusercontent.com/commercialhaskell/stackage-snapshots/master/lts/19/9.yaml
